
Microsoft Visual Studio Solution File, Format Version 12.00
# Visual Studio 15
VisualStudioVersion = 15.0.28307.102
MinimumVisualStudioVersion = 10.0.40219.1
Project("{FAE04EC0-301F-11D3-BF4B-00C04F79EFBC}") = "EDBOT_signup", "EDBOT_signup\EDBOT_signup.csproj", "{4F5AA030-2154-44E0-9207-4F9BDA0C84ED}"
EndProject
Global
	GlobalSection(SolutionConfigurationPlatforms) = preSolution
		Debug|Any CPU = Debug|Any CPU
		Release|Any CPU = Release|Any CPU
	EndGlobalSection
	GlobalSection(ProjectConfigurationPlatforms) = postSolution
		{4F5AA030-2154-44E0-9207-4F9BDA0C84ED}.Debug|Any CPU.ActiveCfg = Debug|Any CPU
		{4F5AA030-2154-44E0-9207-4F9BDA0C84ED}.Debug|Any CPU.Build.0 = Debug|Any CPU
		{4F5AA030-2154-44E0-9207-4F9BDA0C84ED}.Release|Any CPU.ActiveCfg = Release|Any CPU
		{4F5AA030-2154-44E0-9207-4F9BDA0C84ED}.Release|Any CPU.Build.0 = Release|Any CPU
	EndGlobalSection
	GlobalSection(SolutionProperties) = preSolution
		HideSolutionNode = FALSE
	EndGlobalSection
	GlobalSection(ExtensibilityGlobals) = postSolution
		SolutionGuid = {EFC4EDC1-AB89-4EE8-8821-573CDC7E7585}
	EndGlobalSection
EndGlobal
